
Microsoft Visual Studio Solution File, Format Version 12.00
# Visual Studio Version 17
VisualStudioVersion = 17.1.32228.430
MinimumVisualStudioVersion = 10.0.40219.1
Project("{FAE04EC0-301F-11D3-BF4B-00C04F79EFBC}") = "ManajemenOOP", "ManajemenOOP\ManajemenOOP.csproj", "{B7BEED61-A4DB-4716-B67B-42A2853D0EB9}"
EndProject
Global
	GlobalSection(SolutionConfigurationPlatforms) = preSolution
		Debug|Any CPU = Debug|Any CPU
		Release|Any CPU = Release|Any CPU
	EndGlobalSection
	GlobalSection(ProjectConfigurationPlatforms) = postSolution
		{B7BEED61-A4DB-4716-B67B-42A2853D0EB9}.Debug|Any CPU.ActiveCfg = Debug|Any CPU
		{B7BEED61-A4DB-4716-B67B-42A2853D0EB9}.Debug|Any CPU.Build.0 = Debug|Any CPU
		{B7BEED61-A4DB-4716-B67B-42A2853D0EB9}.Release|Any CPU.ActiveCfg = Release|Any CPU
		{B7BEED61-A4DB-4716-B67B-42A2853D0EB9}.Release|Any CPU.Build.0 = Release|Any CPU
	EndGlobalSection
	GlobalSection(SolutionProperties) = preSolution
		HideSolutionNode = FALSE
	EndGlobalSection
	GlobalSection(ExtensibilityGlobals) = postSolution
		SolutionGuid = {44943CA5-2D16-41E4-9B13-BC8736375D22}
	EndGlobalSection
EndGlobal
